// !$*UTF8*$!
{
	archiveVersion = 1;
	classes = {
	};
	objectVersion = 46;
	objects = {

/* Begin PBXBuildFile section */
		D3424ED718229A6800C8E1EF /* Foundation.framework in Frameworks */ = {isa = PBXBuildFile; fileRef = D3424ED618229A6800C8E1EF /* Foundation.framework */; };
		D3424ED918229A6800C8E1EF /* CoreGraphics.framework in Frameworks */ = {isa = PBXBuildFile; fileRef = D3424ED818229A6800C8E1EF /* CoreGraphics.framework */; };
		D3424EDB18229A6800C8E1EF /* UIKit.framework in Frameworks */ = {isa = PBXBuildFile; fileRef = D3424EDA18229A6800C8E1EF /* UIKit.framework */; };
		D3424EE118229A6800C8E1EF /* InfoPlist.strings in Resources */ = {isa = PBXBuildFile; fileRef = D3424EDF18229A6800C8E1EF /* InfoPlist.strings */; };
		D3424EE318229A6800C8E1EF /* main.m in Sources */ = {isa = PBXBuildFile; fileRef = D3424EE218229A6800C8E1EF /* main.m */; };
		D3424EE718229A6800C8E1EF /* FMAppDelegate.m in Sources */ = {isa = PBXBuildFile; fileRef = D3424EE618229A6800C8E1EF /* FMAppDelegate.m */; };
		D3424EE918229A6800C8E1EF /* Images.xcassets in Resources */ = {isa = PBXBuildFile; fileRef = D3424EE818229A6800C8E1EF /* Images.xcassets */; };
		D3424EF018229A6800C8E1EF /* XCTest.framework in Frameworks */ = {isa = PBXBuildFile; fileRef = D3424EEF18229A6800C8E1EF /* XCTest.framework */; };
		D3424EF118229A6800C8E1EF /* Foundation.framework in Frameworks */ = {isa = PBXBuildFile; fileRef = D3424ED618229A6800C8E1EF /* Foundation.framework */; };
		D3424EF218229A6800C8E1EF /* UIKit.framework in Frameworks */ = {isa = PBXBuildFile; fileRef = D3424EDA18229A6800C8E1EF /* UIKit.framework */; };
		D3424EFA18229A6800C8E1EF /* InfoPlist.strings in Resources */ = {isa = PBXBuildFile; fileRef = D3424EF818229A6800C8E1EF /* InfoPlist.strings */; };
		D3424EFC18229A6800C8E1EF /* RibbitTests.m in Sources */ = {isa = PBXBuildFile; fileRef = D3424EFB18229A6800C8E1EF /* RibbitTests.m */; };
		D3424F0618229A9600C8E1EF /* MainStoryboard.storyboard in Resources */ = {isa = PBXBuildFile; fileRef = D3424F0518229A9600C8E1EF /* MainStoryboard.storyboard */; };
		D3424F0D18229E6800C8E1EF /* camera.png in Resources */ = {isa = PBXBuildFile; fileRef = D3424F0718229E6800C8E1EF /* camera.png */; };
		D3424F0E18229E6800C8E1EF /* camera@2x.png in Resources */ = {isa = PBXBuildFile; fileRef = D3424F0818229E6800C8E1EF /* camera@2x.png */; };
		D3424F0F18229E6800C8E1EF /* friends.png in Resources */ = {isa = PBXBuildFile; fileRef = D3424F0918229E6800C8E1EF /* friends.png */; };
		D3424F1018229E6800C8E1EF /* friends@2x.png in Resources */ = {isa = PBXBuildFile; fileRef = D3424F0A18229E6800C8E1EF /* friends@2x.png */; };
		D3424F1118229E6800C8E1EF /* inbox.png in Resources */ = {isa = PBXBuildFile; fileRef = D3424F0B18229E6800C8E1EF /* inbox.png */; };
		D3424F1218229E6800C8E1EF /* inbox@2x.png in Resources */ = {isa = PBXBuildFile; fileRef = D3424F0C18229E6800C8E1EF /* inbox@2x.png */; };
		D3424F161822ADBB00C8E1EF /* FMInboxViewController.m in Sources */ = {isa = PBXBuildFile; fileRef = D3424F151822ADBB00C8E1EF /* FMInboxViewController.m */; };
		D3424F181822CF8400C8E1EF /* Parse.framework in Frameworks */ = {isa = PBXBuildFile; fileRef = D3424F171822CF8400C8E1EF /* Parse.framework */; };
		D3424F221822CFF400C8E1EF /* AudioToolbox.framework in Frameworks */ = {isa = PBXBuildFile; fileRef = D3424F191822CFF300C8E1EF /* AudioToolbox.framework */; };
		D3424F231822CFF400C8E1EF /* CFNetwork.framework in Frameworks */ = {isa = PBXBuildFile; fileRef = D3424F1A1822CFF400C8E1EF /* CFNetwork.framework */; };
		D3424F241822CFF400C8E1EF /* CoreLocation.framework in Frameworks */ = {isa = PBXBuildFile; fileRef = D3424F1B1822CFF400C8E1EF /* CoreLocation.framework */; };
		D3424F251822CFF400C8E1EF /* libz.1.1.3.dylib in Frameworks */ = {isa = PBXBuildFile; fileRef = D3424F1C1822CFF400C8E1EF /* libz.1.1.3.dylib */; };
		D3424F261822CFF400C8E1EF /* MobileCoreServices.framework in Frameworks */ = {isa = PBXBuildFile; fileRef = D3424F1D1822CFF400C8E1EF /* MobileCoreServices.framework */; };
		D3424F271822CFF400C8E1EF /* QuartzCore.framework in Frameworks */ = {isa = PBXBuildFile; fileRef = D3424F1E1822CFF400C8E1EF /* QuartzCore.framework */; };
		D3424F281822CFF400C8E1EF /* Security.framework in Frameworks */ = {isa = PBXBuildFile; fileRef = D3424F1F1822CFF400C8E1EF /* Security.framework */; };
		D3424F291822CFF400C8E1EF /* StoreKit.framework in Frameworks */ = {isa = PBXBuildFile; fileRef = D3424F201822CFF400C8E1EF /* StoreKit.framework */; };
		D3424F2A1822CFF400C8E1EF /* SystemConfiguration.framework in Frameworks */ = {isa = PBXBuildFile; fileRef = D3424F211822CFF400C8E1EF /* SystemConfiguration.framework */; };
		D3424F2D1822D22B00C8E1EF /* FMLoginViewController.m in Sources */ = {isa = PBXBuildFile; fileRef = D3424F2C1822D22B00C8E1EF /* FMLoginViewController.m */; };
		D3424F301822D24900C8E1EF /* FMSignupViewController.m in Sources */ = {isa = PBXBuildFile; fileRef = D3424F2F1822D24900C8E1EF /* FMSignupViewController.m */; };
/* End PBXBuildFile section */

/* Begin PBXContainerItemProxy section */
		D3424EF318229A6800C8E1EF /* PBXContainerItemProxy */ = {
			isa = PBXContainerItemProxy;
			containerPortal = D3424ECB18229A6800C8E1EF /* Project object */;
			proxyType = 1;
			remoteGlobalIDString = D3424ED218229A6800C8E1EF;
			remoteInfo = Ribbit;
		};
/* End PBXContainerItemProxy section */

/* Begin PBXFileReference section */
		D3424ED318229A6800C8E1EF /* Ribbit.app */ = {isa = PBXFileReference; explicitFileType = wrapper.application; includeInIndex = 0; path = Ribbit.app; sourceTree = BUILT_PRODUCTS_DIR; };
		D3424ED618229A6800C8E1EF /* Foundation.framework */ = {isa = PBXFileReference; lastKnownFileType = wrapper.framework; name = Foundation.framework; path = System/Library/Frameworks/Foundation.framework; sourceTree = SDKROOT; };
		D3424ED818229A6800C8E1EF /* CoreGraphics.framework */ = {isa = PBXFileReference; lastKnownFileType = wrapper.framework; name = CoreGraphics.framework; path = System/Library/Frameworks/CoreGraphics.framework; sourceTree = SDKROOT; };
		D3424EDA18229A6800C8E1EF /* UIKit.framework */ = {isa = PBXFileReference; lastKnownFileType = wrapper.framework; name = UIKit.framework; path = System/Library/Frameworks/UIKit.framework; sourceTree = SDKROOT; };
		D3424EDE18229A6800C8E1EF /* Ribbit-Info.plist */ = {isa = PBXFileReference; lastKnownFileType = text.plist.xml; path = "Ribbit-Info.plist"; sourceTree = "<group>"; };
		D3424EE018229A6800C8E1EF /* en */ = {isa = PBXFileReference; lastKnownFileType = text.plist.strings; name = en; path = en.lproj/InfoPlist.strings; sourceTree = "<group>"; };
		D3424EE218229A6800C8E1EF /* main.m */ = {isa = PBXFileReference; lastKnownFileType = sourcecode.c.objc; path = main.m; sourceTree = "<group>"; };
		D3424EE418229A6800C8E1EF /* Ribbit-Prefix.pch */ = {isa = PBXFileReference; lastKnownFileType = sourcecode.c.h; path = "Ribbit-Prefix.pch"; sourceTree = "<group>"; };
		D3424EE518229A6800C8E1EF /* FMAppDelegate.h */ = {isa = PBXFileReference; lastKnownFileType = sourcecode.c.h; path = FMAppDelegate.h; sourceTree = "<group>"; };
		D3424EE618229A6800C8E1EF /* FMAppDelegate.m */ = {isa = PBXFileReference; lastKnownFileType = sourcecode.c.objc; path = FMAppDelegate.m; sourceTree = "<group>"; };
		D3424EE818229A6800C8E1EF /* Images.xcassets */ = {isa = PBXFileReference; lastKnownFileType = folder.assetcatalog; path = Images.xcassets; sourceTree = "<group>"; };
		D3424EEE18229A6800C8E1EF /* RibbitTests.xctest */ = {isa = PBXFileReference; explicitFileType = wrapper.cfbundle; includeInIndex = 0; path = RibbitTests.xctest; sourceTree = BUILT_PRODUCTS_DIR; };
		D3424EEF18229A6800C8E1EF /* XCTest.framework */ = {isa = PBXFileReference; lastKnownFileType = wrapper.framework; name = XCTest.framework; path = Library/Frameworks/XCTest.framework; sourceTree = DEVELOPER_DIR; };
		D3424EF718229A6800C8E1EF /* RibbitTests-Info.plist */ = {isa = PBXFileReference; lastKnownFileType = text.plist.xml; path = "RibbitTests-Info.plist"; sourceTree = "<group>"; };
		D3424EF918229A6800C8E1EF /* en */ = {isa = PBXFileReference; lastKnownFileType = text.plist.strings; name = en; path = en.lproj/InfoPlist.strings; sourceTree = "<group>"; };
		D3424EFB18229A6800C8E1EF /* RibbitTests.m */ = {isa = PBXFileReference; lastKnownFileType = sourcecode.c.objc; path = RibbitTests.m; sourceTree = "<group>"; };
		D3424F0518229A9600C8E1EF /* MainStoryboard.storyboard */ = {isa = PBXFileReference; fileEncoding = 4; lastKnownFileType = file.storyboard; path = MainStoryboard.storyboard; sourceTree = "<group>"; };
		D3424F0718229E6800C8E1EF /* camera.png */ = {isa = PBXFileReference; lastKnownFileType = image.png; path = camera.png; sourceTree = "<group>"; };
		D3424F0818229E6800C8E1EF /* camera@2x.png */ = {isa = PBXFileReference; lastKnownFileType = image.png; path = "camera@2x.png"; sourceTree = "<group>"; };
		D3424F0918229E6800C8E1EF /* friends.png */ = {isa = PBXFileReference; lastKnownFileType = image.png; path = friends.png; sourceTree = "<group>"; };
		D3424F0A18229E6800C8E1EF /* friends@2x.png */ = {isa = PBXFileReference; lastKnownFileType = image.png; path = "friends@2x.png"; sourceTree = "<group>"; };
		D3424F0B18229E6800C8E1EF /* inbox.png */ = {isa = PBXFileReference; lastKnownFileType = image.png; path = inbox.png; sourceTree = "<group>"; };
		D3424F0C18229E6800C8E1EF /* inbox@2x.png */ = {isa = PBXFileReference; lastKnownFileType = image.png; path = "inbox@2x.png"; sourceTree = "<group>"; };
		D3424F141822ADBB00C8E1EF /* FMInboxViewController.h */ = {isa = PBXFileReference; fileEncoding = 4; lastKnownFileType = sourcecode.c.h; name = FMInboxViewController.h; path = ../FMInboxViewController.h; sourceTree = "<group>"; };
		D3424F151822ADBB00C8E1EF /* FMInboxViewController.m */ = {isa = PBXFileReference; fileEncoding = 4; lastKnownFileType = sourcecode.c.objc; name = FMInboxViewController.m; path = ../FMInboxViewController.m; sourceTree = "<group>"; };
		D3424F171822CF8400C8E1EF /* Parse.framework */ = {isa = PBXFileReference; lastKnownFileType = wrapper.framework; path = Parse.framework; sourceTree = "<group>"; };
		D3424F191822CFF300C8E1EF /* AudioToolbox.framework */ = {isa = PBXFileReference; lastKnownFileType = wrapper.framework; name = AudioToolbox.framework; path = System/Library/Frameworks/AudioToolbox.framework; sourceTree = SDKROOT; };
		D3424F1A1822CFF400C8E1EF /* CFNetwork.framework */ = {isa = PBXFileReference; lastKnownFileType = wrapper.framework; name = CFNetwork.framework; path = System/Library/Frameworks/CFNetwork.framework; sourceTree = SDKROOT; };
		D3424F1B1822CFF400C8E1EF /* CoreLocation.framework */ = {isa = PBXFileReference; lastKnownFileType = wrapper.framework; name = CoreLocation.framework; path = System/Library/Frameworks/CoreLocation.framework; sourceTree = SDKROOT; };
		D3424F1C1822CFF400C8E1EF /* libz.1.1.3.dylib */ = {isa = PBXFileReference; lastKnownFileType = "compiled.mach-o.dylib"; name = libz.1.1.3.dylib; path = usr/lib/libz.1.1.3.dylib; sourceTree = SDKROOT; };
		D3424F1D1822CFF400C8E1EF /* MobileCoreServices.framework */ = {isa = PBXFileReference; lastKnownFileType = wrapper.framework; name = MobileCoreServices.framework; path = System/Library/Frameworks/MobileCoreServices.framework; sourceTree = SDKROOT; };
		D3424F1E1822CFF400C8E1EF /* QuartzCore.framework */ = {isa = PBXFileReference; lastKnownFileType = wrapper.framework; name = QuartzCore.framework; path = System/Library/Frameworks/QuartzCore.framework; sourceTree = SDKROOT; };
		D3424F1F1822CFF400C8E1EF /* Security.framework */ = {isa = PBXFileReference; lastKnownFileType = wrapper.framework; name = Security.framework; path = System/Library/Frameworks/Security.framework; sourceTree = SDKROOT; };
		D3424F201822CFF400C8E1EF /* StoreKit.framework */ = {isa = PBXFileReference; lastKnownFileType = wrapper.framework; name = StoreKit.framework; path = System/Library/Frameworks/StoreKit.framework; sourceTree = SDKROOT; };
		D3424F211822CFF400C8E1EF /* SystemConfiguration.framework */ = {isa = PBXFileReference; lastKnownFileType = wrapper.framework; name = SystemConfiguration.framework; path = System/Library/Frameworks/SystemConfiguration.framework; sourceTree = SDKROOT; };
		D3424F2B1822D22B00C8E1EF /* FMLoginViewController.h */ = {isa = PBXFileReference; fileEncoding = 4; lastKnownFileType = sourcecode.c.h; name = FMLoginViewController.h; path = ../FMLoginViewController.h; sourceTree = "<group>"; };
		D3424F2C1822D22B00C8E1EF /* FMLoginViewController.m */ = {isa = PBXFileReference; fileEncoding = 4; lastKnownFileType = sourcecode.c.objc; name = FMLoginViewController.m; path = ../FMLoginViewController.m; sourceTree = "<group>"; };
		D3424F2E1822D24900C8E1EF /* FMSignupViewController.h */ = {isa = PBXFileReference; fileEncoding = 4; lastKnownFileType = sourcecode.c.h; name = FMSignupViewController.h; path = ../FMSignupViewController.h; sourceTree = "<group>"; };
		D3424F2F1822D24900C8E1EF /* FMSignupViewController.m */ = {isa = PBXFileReference; fileEncoding = 4; lastKnownFileType = sourcecode.c.objc; name = FMSignupViewController.m; path = ../FMSignupViewController.m; sourceTree = "<group>"; };
/* End PBXFileReference section */

/* Begin PBXFrameworksBuildPhase section */
		D3424ED018229A6800C8E1EF /* Frameworks */ = {
			isa = PBXFrameworksBuildPhase;
			buildActionMask = 2147483647;
			files = (
				D3424F221822CFF400C8E1EF /* AudioToolbox.framework in Frameworks */,
				D3424F231822CFF400C8E1EF /* CFNetwork.framework in Frameworks */,
				D3424F241822CFF400C8E1EF /* CoreLocation.framework in Frameworks */,
				D3424F251822CFF400C8E1EF /* libz.1.1.3.dylib in Frameworks */,
				D3424F261822CFF400C8E1EF /* MobileCoreServices.framework in Frameworks */,
				D3424F271822CFF400C8E1EF /* QuartzCore.framework in Frameworks */,
				D3424F281822CFF400C8E1EF /* Security.framework in Frameworks */,
				D3424F291822CFF400C8E1EF /* StoreKit.framework in Frameworks */,
				D3424F2A1822CFF400C8E1EF /* SystemConfiguration.framework in Frameworks */,
				D3424ED918229A6800C8E1EF /* CoreGraphics.framework in Frameworks */,
				D3424EDB18229A6800C8E1EF /* UIKit.framework in Frameworks */,
				D3424F181822CF8400C8E1EF /* Parse.framework in Frameworks */,
				D3424ED718229A6800C8E1EF /* Foundation.framework in Frameworks */,
			);
			runOnlyForDeploymentPostprocessing = 0;
		};
		D3424EEB18229A6800C8E1EF /* Frameworks */ = {
			isa = PBXFrameworksBuildPhase;
			buildActionMask = 2147483647;
			files = (
				D3424EF018229A6800C8E1EF /* XCTest.framework in Frameworks */,
				D3424EF218229A6800C8E1EF /* UIKit.framework in Frameworks */,
				D3424EF118229A6800C8E1EF /* Foundation.framework in Frameworks */,
			);
			runOnlyForDeploymentPostprocessing = 0;
		};
/* End PBXFrameworksBuildPhase section */

/* Begin PBXGroup section */
		D3424ECA18229A6800C8E1EF = {
			isa = PBXGroup;
			children = (
				D3424F1318229E7000C8E1EF /* Images */,
				D3424F0518229A9600C8E1EF /* MainStoryboard.storyboard */,
				D3424EDC18229A6800C8E1EF /* Ribbit */,
				D3424EF518229A6800C8E1EF /* RibbitTests */,
				D3424ED518229A6800C8E1EF /* Frameworks */,
				D3424ED418229A6800C8E1EF /* Products */,
			);
			sourceTree = "<group>";
		};
		D3424ED418229A6800C8E1EF /* Products */ = {
			isa = PBXGroup;
			children = (
				D3424ED318229A6800C8E1EF /* Ribbit.app */,
				D3424EEE18229A6800C8E1EF /* RibbitTests.xctest */,
			);
			name = Products;
			sourceTree = "<group>";
		};
		D3424ED518229A6800C8E1EF /* Frameworks */ = {
			isa = PBXGroup;
			children = (
				D3424F191822CFF300C8E1EF /* AudioToolbox.framework */,
				D3424F1A1822CFF400C8E1EF /* CFNetwork.framework */,
				D3424F1B1822CFF400C8E1EF /* CoreLocation.framework */,
				D3424F1C1822CFF400C8E1EF /* libz.1.1.3.dylib */,
				D3424F1D1822CFF400C8E1EF /* MobileCoreServices.framework */,
				D3424F1E1822CFF400C8E1EF /* QuartzCore.framework */,
				D3424F1F1822CFF400C8E1EF /* Security.framework */,
				D3424F201822CFF400C8E1EF /* StoreKit.framework */,
				D3424F211822CFF400C8E1EF /* SystemConfiguration.framework */,
				D3424F171822CF8400C8E1EF /* Parse.framework */,
				D3424ED618229A6800C8E1EF /* Foundation.framework */,
				D3424ED818229A6800C8E1EF /* CoreGraphics.framework */,
				D3424EDA18229A6800C8E1EF /* UIKit.framework */,
				D3424EEF18229A6800C8E1EF /* XCTest.framework */,
			);
			name = Frameworks;
			sourceTree = "<group>";
		};
		D3424EDC18229A6800C8E1EF /* Ribbit */ = {
			isa = PBXGroup;
			children = (
				D3424F2E1822D24900C8E1EF /* FMSignupViewController.h */,
				D3424F2F1822D24900C8E1EF /* FMSignupViewController.m */,
				D3424F2B1822D22B00C8E1EF /* FMLoginViewController.h */,
				D3424F2C1822D22B00C8E1EF /* FMLoginViewController.m */,
				D3424F141822ADBB00C8E1EF /* FMInboxViewController.h */,
				D3424F151822ADBB00C8E1EF /* FMInboxViewController.m */,
				D3424EE518229A6800C8E1EF /* FMAppDelegate.h */,
				D3424EE618229A6800C8E1EF /* FMAppDelegate.m */,
				D3424EE818229A6800C8E1EF /* Images.xcassets */,
				D3424EDD18229A6800C8E1EF /* Supporting Files */,
			);
			path = Ribbit;
			sourceTree = "<group>";
		};
		D3424EDD18229A6800C8E1EF /* Supporting Files */ = {
			isa = PBXGroup;
			children = (
				D3424EDE18229A6800C8E1EF /* Ribbit-Info.plist */,
				D3424EDF18229A6800C8E1EF /* InfoPlist.strings */,
				D3424EE218229A6800C8E1EF /* main.m */,
				D3424EE418229A6800C8E1EF /* Ribbit-Prefix.pch */,
			);
			name = "Supporting Files";
			sourceTree = "<group>";
		};
		D3424EF518229A6800C8E1EF /* RibbitTests */ = {
			isa = PBXGroup;
			children = (
				D3424EFB18229A6800C8E1EF /* RibbitTests.m */,
				D3424EF618229A6800C8E1EF /* Supporting Files */,
			);
			path = RibbitTests;
			sourceTree = "<group>";
		};
		D3424EF618229A6800C8E1EF /* Supporting Files */ = {
			isa = PBXGroup;
			children = (
				D3424EF718229A6800C8E1EF /* RibbitTests-Info.plist */,
				D3424EF818229A6800C8E1EF /* InfoPlist.strings */,
			);
			name = "Supporting Files";
			sourceTree = "<group>";
		};
		D3424F1318229E7000C8E1EF /* Images */ = {
			isa = PBXGroup;
			children = (
				D3424F0718229E6800C8E1EF /* camera.png */,
				D3424F0818229E6800C8E1EF /* camera@2x.png */,
				D3424F0918229E6800C8E1EF /* friends.png */,
				D3424F0A18229E6800C8E1EF /* friends@2x.png */,
				D3424F0B18229E6800C8E1EF /* inbox.png */,
				D3424F0C18229E6800C8E1EF /* inbox@2x.png */,
			);
			name = Images;
			sourceTree = "<group>";
		};
/* End PBXGroup section */

/* Begin PBXNativeTarget section */
		D3424ED218229A6800C8E1EF /* Ribbit */ = {
			isa = PBXNativeTarget;
			buildConfigurationList = D3424EFF18229A6800C8E1EF /* Build configuration list for PBXNativeTarget "Ribbit" */;
			buildPhases = (
				D3424ECF18229A6800C8E1EF /* Sources */,
				D3424ED018229A6800C8E1EF /* Frameworks */,
				D3424ED118229A6800C8E1EF /* Resources */,
			);
			buildRules = (
			);
			dependencies = (
			);
			name = Ribbit;
			productName = Ribbit;
			productReference = D3424ED318229A6800C8E1EF /* Ribbit.app */;
			productType = "com.apple.product-type.application";
		};
		D3424EED18229A6800C8E1EF /* RibbitTests */ = {
			isa = PBXNativeTarget;
			buildConfigurationList = D3424F0218229A6800C8E1EF /* Build configuration list for PBXNativeTarget "RibbitTests" */;
			buildPhases = (
				D3424EEA18229A6800C8E1EF /* Sources */,
				D3424EEB18229A6800C8E1EF /* Frameworks */,
				D3424EEC18229A6800C8E1EF /* Resources */,
			);
			buildRules = (
			);
			dependencies = (
				D3424EF418229A6800C8E1EF /* PBXTargetDependency */,
			);
			name = RibbitTests;
			productName = RibbitTests;
			productReference = D3424EEE18229A6800C8E1EF /* RibbitTests.xctest */;
			productType = "com.apple.product-type.bundle.unit-test";
		};
/* End PBXNativeTarget section */

/* Begin PBXProject section */
		D3424ECB18229A6800C8E1EF /* Project object */ = {
			isa = PBXProject;
			attributes = {
				CLASSPREFIX = FM;
				LastUpgradeCheck = 0500;
				ORGANIZATIONNAME = "Fredrick Myers";
				TargetAttributes = {
					D3424EED18229A6800C8E1EF = {
						TestTargetID = D3424ED218229A6800C8E1EF;
					};
				};
			};
			buildConfigurationList = D3424ECE18229A6800C8E1EF /* Build configuration list for PBXProject "Ribbit" */;
			compatibilityVersion = "Xcode 3.2";
			developmentRegion = English;
			hasScannedForEncodings = 0;
			knownRegions = (
				en,
			);
			mainGroup = D3424ECA18229A6800C8E1EF;
			productRefGroup = D3424ED418229A6800C8E1EF /* Products */;
			projectDirPath = "";
			projectRoot = "";
			targets = (
				D3424ED218229A6800C8E1EF /* Ribbit */,
				D3424EED18229A6800C8E1EF /* RibbitTests */,
			);
		};
/* End PBXProject section */

/* Begin PBXResourcesBuildPhase section */
		D3424ED118229A6800C8E1EF /* Resources */ = {
			isa = PBXResourcesBuildPhase;
			buildActionMask = 2147483647;
			files = (
				D3424F0618229A9600C8E1EF /* MainStoryboard.storyboard in Resources */,
				D3424F0F18229E6800C8E1EF /* friends.png in Resources */,
				D3424F1018229E6800C8E1EF /* friends@2x.png in Resources */,
				D3424F0E18229E6800C8E1EF /* camera@2x.png in Resources */,
				D3424F1118229E6800C8E1EF /* inbox.png in Resources */,
				D3424EE118229A6800C8E1EF /* InfoPlist.strings in Resources */,
				D3424F0D18229E6800C8E1EF /* camera.png in Resources */,
				D3424EE918229A6800C8E1EF /* Images.xcassets in Resources */,
				D3424F1218229E6800C8E1EF /* inbox@2x.png in Resources */,
			);
			runOnlyForDeploymentPostprocessing = 0;
		};
		D3424EEC18229A6800C8E1EF /* Resources */ = {
			isa = PBXResourcesBuildPhase;
			buildActionMask = 2147483647;
			files = (
				D3424EFA18229A6800C8E1EF /* InfoPlist.strings in Resources */,
			);
			runOnlyForDeploymentPostprocessing = 0;
		};
/* End PBXResourcesBuildPhase section */

/* Begin PBXSourcesBuildPhase section */
		D3424ECF18229A6800C8E1EF /* Sources */ = {
			isa = PBXSourcesBuildPhase;
			buildActionMask = 2147483647;
			files = (
				D3424EE318229A6800C8E1EF /* main.m in Sources */,
				D3424F2D1822D22B00C8E1EF /* FMLoginViewController.m in Sources */,
				D3424F161822ADBB00C8E1EF /* FMInboxViewController.m in Sources */,
				D3424F301822D24900C8E1EF /* FMSignupViewController.m in Sources */,
				D3424EE718229A6800C8E1EF /* FMAppDelegate.m in Sources */,
			);
			runOnlyForDeploymentPostprocessing = 0;
		};
		D3424EEA18229A6800C8E1EF /* Sources */ = {
			isa = PBXSourcesBuildPhase;
			buildActionMask = 2147483647;
			files = (
				D3424EFC18229A6800C8E1EF /* RibbitTests.m in Sources */,
			);
			runOnlyForDeploymentPostprocessing = 0;
		};
/* End PBXSourcesBuildPhase section */

/* Begin PBXTargetDependency section */
		D3424EF418229A6800C8E1EF /* PBXTargetDependency */ = {
			isa = PBXTargetDependency;
			target = D3424ED218229A6800C8E1EF /* Ribbit */;
			targetProxy = D3424EF318229A6800C8E1EF /* PBXContainerItemProxy */;
		};
/* End PBXTargetDependency section */

/* Begin PBXVariantGroup section */
		D3424EDF18229A6800C8E1EF /* InfoPlist.strings */ = {
			isa = PBXVariantGroup;
			children = (
				D3424EE018229A6800C8E1EF /* en */,
			);
			name = InfoPlist.strings;
			sourceTree = "<group>";
		};
		D3424EF818229A6800C8E1EF /* InfoPlist.strings */ = {
			isa = PBXVariantGroup;
			children = (
				D3424EF918229A6800C8E1EF /* en */,
			);
			name = InfoPlist.strings;
			sourceTree = "<group>";
		};
/* End PBXVariantGroup section */

/* Begin XCBuildConfiguration section */
		D3424EFD18229A6800C8E1EF /* Debug */ = {
			isa = XCBuildConfiguration;
			buildSettings = {
				ALWAYS_SEARCH_USER_PATHS = NO;
				ARCHS = "$(ARCHS_STANDARD_INCLUDING_64_BIT)";
				CLANG_CXX_LANGUAGE_STANDARD = "gnu++0x";
				CLANG_CXX_LIBRARY = "libc++";
				CLANG_ENABLE_MODULES = YES;
				CLANG_ENABLE_OBJC_ARC = YES;
				CLANG_WARN_BOOL_CONVERSION = YES;
				CLANG_WARN_CONSTANT_CONVERSION = YES;
				CLANG_WARN_DIRECT_OBJC_ISA_USAGE = YES_ERROR;
				CLANG_WARN_EMPTY_BODY = YES;
				CLANG_WARN_ENUM_CONVERSION = YES;
				CLANG_WARN_INT_CONVERSION = YES;
				CLANG_WARN_OBJC_ROOT_CLASS = YES_ERROR;
				CLANG_WARN__DUPLICATE_METHOD_MATCH = YES;
				"CODE_SIGN_IDENTITY[sdk=iphoneos*]" = "iPhone Developer";
				COPY_PHASE_STRIP = NO;
				GCC_C_LANGUAGE_STANDARD = gnu99;
				GCC_DYNAMIC_NO_PIC = NO;
				GCC_OPTIMIZATION_LEVEL = 0;
				GCC_PREPROCESSOR_DEFINITIONS = (
					"DEBUG=1",
					"$(inherited)",
				);
				GCC_SYMBOLS_PRIVATE_EXTERN = NO;
				GCC_WARN_64_TO_32_BIT_CONVERSION = YES;
				GCC_WARN_ABOUT_RETURN_TYPE = YES_ERROR;
				GCC_WARN_UNDECLARED_SELECTOR = YES;
				GCC_WARN_UNINITIALIZED_AUTOS = YES;
				GCC_WARN_UNUSED_FUNCTION = YES;
				GCC_WARN_UNUSED_VARIABLE = YES;
				IPHONEOS_DEPLOYMENT_TARGET = 7.0;
				ONLY_ACTIVE_ARCH = YES;
				SDKROOT = iphoneos;
			};
			name = Debug;
		};
		D3424EFE18229A6800C8E1EF /* Release */ = {
			isa = XCBuildConfiguration;
			buildSettings = {
				ALWAYS_SEARCH_USER_PATHS = NO;
				ARCHS = "$(ARCHS_STANDARD_INCLUDING_64_BIT)";
				CLANG_CXX_LANGUAGE_STANDARD = "gnu++0x";
				CLANG_CXX_LIBRARY = "libc++";
				CLANG_ENABLE_MODULES = YES;
				CLANG_ENABLE_OBJC_ARC = YES;
				CLANG_WARN_BOOL_CONVERSION = YES;
				CLANG_WARN_CONSTANT_CONVERSION = YES;
				CLANG_WARN_DIRECT_OBJC_ISA_USAGE = YES_ERROR;
				CLANG_WARN_EMPTY_BODY = YES;
				CLANG_WARN_ENUM_CONVERSION = YES;
				CLANG_WARN_INT_CONVERSION = YES;
				CLANG_WARN_OBJC_ROOT_CLASS = YES_ERROR;
				CLANG_WARN__DUPLICATE_METHOD_MATCH = YES;
				"CODE_SIGN_IDENTITY[sdk=iphoneos*]" = "iPhone Developer";
				COPY_PHASE_STRIP = YES;
				ENABLE_NS_ASSERTIONS = NO;
				GCC_C_LANGUAGE_STANDARD = gnu99;
				GCC_WARN_64_TO_32_BIT_CONVERSION = YES;
				GCC_WARN_ABOUT_RETURN_TYPE = YES_ERROR;
				GCC_WARN_UNDECLARED_SELECTOR = YES;
				GCC_WARN_UNINITIALIZED_AUTOS = YES;
				GCC_WARN_UNUSED_FUNCTION = YES;
				GCC_WARN_UNUSED_VARIABLE = YES;
				IPHONEOS_DEPLOYMENT_TARGET = 7.0;
				SDKROOT = iphoneos;
				VALIDATE_PRODUCT = YES;
			};
			name = Release;
		};
		D3424F0018229A6800C8E1EF /* Debug */ = {
			isa = XCBuildConfiguration;
			buildSettings = {
				ASSETCATALOG_COMPILER_APPICON_NAME = AppIcon;
				ASSETCATALOG_COMPILER_LAUNCHIMAGE_NAME = LaunchImage;
				FRAMEWORK_SEARCH_PATHS = (
					"$(inherited)",
					/Users/fmyers/Projects/iOS/Ribbit,
				);
				GCC_PRECOMPILE_PREFIX_HEADER = YES;
				GCC_PREFIX_HEADER = "Ribbit/Ribbit-Prefix.pch";
				INFOPLIST_FILE = "Ribbit/Ribbit-Info.plist";
				PRODUCT_NAME = "$(TARGET_NAME)";
				WRAPPER_EXTENSION = app;
			};
			name = Debug;
		};
		D3424F0118229A6800C8E1EF /* Release */ = {
			isa = XCBuildConfiguration;
			buildSettings = {
				ASSETCATALOG_COMPILER_APPICON_NAME = AppIcon;
				ASSETCATALOG_COMPILER_LAUNCHIMAGE_NAME = LaunchImage;
				FRAMEWORK_SEARCH_PATHS = (
					"$(inherited)",
					/Users/fmyers/Projects/iOS/Ribbit,
				);
				GCC_PRECOMPILE_PREFIX_HEADER = YES;
				GCC_PREFIX_HEADER = "Ribbit/Ribbit-Prefix.pch";
				INFOPLIST_FILE = "Ribbit/Ribbit-Info.plist";
				PRODUCT_NAME = "$(TARGET_NAME)";
				WRAPPER_EXTENSION = app;
			};
			name = Release;
		};
		D3424F0318229A6800C8E1EF /* Debug */ = {
			isa = XCBuildConfiguration;
			buildSettings = {
				ARCHS = "$(ARCHS_STANDARD_INCLUDING_64_BIT)";
				BUNDLE_LOADER = "$(BUILT_PRODUCTS_DIR)/Ribbit.app/Ribbit";
				FRAMEWORK_SEARCH_PATHS = (
					"$(SDKROOT)/Developer/Library/Frameworks",
					"$(inherited)",
					"$(DEVELOPER_FRAMEWORKS_DIR)",
				);
				GCC_PRECOMPILE_PREFIX_HEADER = YES;
				GCC_PREFIX_HEADER = "Ribbit/Ribbit-Prefix.pch";
				GCC_PREPROCESSOR_DEFINITIONS = (
					"DEBUG=1",
					"$(inherited)",
				);
				INFOPLIST_FILE = "RibbitTests/RibbitTests-Info.plist";
				PRODUCT_NAME = "$(TARGET_NAME)";
				TEST_HOST = "$(BUNDLE_LOADER)";
				WRAPPER_EXTENSION = xctest;
			};
			name = Debug;
		};
		D3424F0418229A6800C8E1EF /* Release */ = {
			isa = XCBuildConfiguration;
			buildSettings = {
				ARCHS = "$(ARCHS_STANDARD_INCLUDING_64_BIT)";
				BUNDLE_LOADER = "$(BUILT_PRODUCTS_DIR)/Ribbit.app/Ribbit";
				FRAMEWORK_SEARCH_PATHS = (
					"$(SDKROOT)/Developer/Library/Frameworks",
					"$(inherited)",
					"$(DEVELOPER_FRAMEWORKS_DIR)",
				);
				GCC_PRECOMPILE_PREFIX_HEADER = YES;
				GCC_PREFIX_HEADER = "Ribbit/Ribbit-Prefix.pch";
				INFOPLIST_FILE = "RibbitTests/RibbitTests-Info.plist";
				PRODUCT_NAME = "$(TARGET_NAME)";
				TEST_HOST = "$(BUNDLE_LOADER)";
				WRAPPER_EXTENSION = xctest;
			};
			name = Release;
		};
/* End XCBuildConfiguration section */

/* Begin XCConfigurationList section */
		D3424ECE18229A6800C8E1EF /* Build configuration list for PBXProject "Ribbit" */ = {
			isa = XCConfigurationList;
			buildConfigurations = (
				D3424EFD18229A6800C8E1EF /* Debug */,
				D3424EFE18229A6800C8E1EF /* Release */,
			);
			defaultConfigurationIsVisible = 0;
			defaultConfigurationName = Release;
		};
		D3424EFF18229A6800C8E1EF /* Build configuration list for PBXNativeTarget "Ribbit" */ = {
			isa = XCConfigurationList;
			buildConfigurations = (
				D3424F0018229A6800C8E1EF /* Debug */,
				D3424F0118229A6800C8E1EF /* Release */,
			);
			defaultConfigurationIsVisible = 0;
		};
		D3424F0218229A6800C8E1EF /* Build configuration list for PBXNativeTarget "RibbitTests" */ = {
			isa = XCConfigurationList;
			buildConfigurations = (
				D3424F0318229A6800C8E1EF /* Debug */,
				D3424F0418229A6800C8E1EF /* Release */,
			);
			defaultConfigurationIsVisible = 0;
		};
/* End XCConfigurationList section */
	};
	rootObject = D3424ECB18229A6800C8E1EF /* Project object */;
}
